
Microsoft Visual Studio Solution File, Format Version 12.00
# Visual Studio Version 17
VisualStudioVersion = 17.9.34728.123
MinimumVisualStudioVersion = 10.0.40219.1
Project("{8BC9CEB8-8B4A-11D0-8D11-00A0C91BC942}") = "hello-triangle", "hello-triangle\hello-triangle.vcxproj", "{F4389C7D-8FAB-472E-A368-74D8C4699B1D}"
EndProject
Project("{8BC9CEB8-8B4A-11D0-8D11-00A0C91BC942}") = "hello-cube", "hello-cube\hello-cube.vcxproj", "{8AC4235E-3592-498C-9A2D-AE89A6EE6DAF}"
EndProject
Project("{8BC9CEB8-8B4A-11D0-8D11-00A0C91BC942}") = "homework-1", "homework-1\homework-1.vcxproj", "{EC322E5D-7E13-4EBA-B915-AD90088213A3}"
EndProject
Project("{8BC9CEB8-8B4A-11D0-8D11-00A0C91BC942}") = "from-the-top", "from-the-top\from-the-top.vcxproj", "{1DD64C7C-2CA2-45AA-B5C5-BA766F3A9CEB}"
EndProject
Global
	GlobalSection(SolutionConfigurationPlatforms) = preSolution
		Debug|x64 = Debug|x64
		Debug|x86 = Debug|x86
		Release|x64 = Release|x64
		Release|x86 = Release|x86
	EndGlobalSection
	GlobalSection(ProjectConfigurationPlatforms) = postSolution
		{F4389C7D-8FAB-472E-A368-74D8C4699B1D}.Debug|x64.ActiveCfg = Debug|x64
		{F4389C7D-8FAB-472E-A368-74D8C4699B1D}.Debug|x64.Build.0 = Debug|x64
		{F4389C7D-8FAB-472E-A368-74D8C4699B1D}.Debug|x86.ActiveCfg = Debug|Win32
		{F4389C7D-8FAB-472E-A368-74D8C4699B1D}.Debug|x86.Build.0 = Debug|Win32
		{F4389C7D-8FAB-472E-A368-74D8C4699B1D}.Release|x64.ActiveCfg = Release|x64
		{F4389C7D-8FAB-472E-A368-74D8C4699B1D}.Release|x64.Build.0 = Release|x64
		{F4389C7D-8FAB-472E-A368-74D8C4699B1D}.Release|x86.ActiveCfg = Release|Win32
		{F4389C7D-8FAB-472E-A368-74D8C4699B1D}.Release|x86.Build.0 = Release|Win32
		{8AC4235E-3592-498C-9A2D-AE89A6EE6DAF}.Debug|x64.ActiveCfg = Debug|x64
		{8AC4235E-3592-498C-9A2D-AE89A6EE6DAF}.Debug|x64.Build.0 = Debug|x64
		{8AC4235E-3592-498C-9A2D-AE89A6EE6DAF}.Debug|x86.ActiveCfg = Debug|Win32
		{8AC4235E-3592-498C-9A2D-AE89A6EE6DAF}.Debug|x86.Build.0 = Debug|Win32
		{8AC4235E-3592-498C-9A2D-AE89A6EE6DAF}.Release|x64.ActiveCfg = Release|x64
		{8AC4235E-3592-498C-9A2D-AE89A6EE6DAF}.Release|x64.Build.0 = Release|x64
		{8AC4235E-3592-498C-9A2D-AE89A6EE6DAF}.Release|x86.ActiveCfg = Release|Win32
		{8AC4235E-3592-498C-9A2D-AE89A6EE6DAF}.Release|x86.Build.0 = Release|Win32
		{EC322E5D-7E13-4EBA-B915-AD90088213A3}.Debug|x64.ActiveCfg = Debug|x64
		{EC322E5D-7E13-4EBA-B915-AD90088213A3}.Debug|x64.Build.0 = Debug|x64
		{EC322E5D-7E13-4EBA-B915-AD90088213A3}.Debug|x86.ActiveCfg = Debug|Win32
		{EC322E5D-7E13-4EBA-B915-AD90088213A3}.Debug|x86.Build.0 = Debug|Win32
		{EC322E5D-7E13-4EBA-B915-AD90088213A3}.Release|x64.ActiveCfg = Release|x64
		{EC322E5D-7E13-4EBA-B915-AD90088213A3}.Release|x64.Build.0 = Release|x64
		{EC322E5D-7E13-4EBA-B915-AD90088213A3}.Release|x86.ActiveCfg = Release|Win32
		{EC322E5D-7E13-4EBA-B915-AD90088213A3}.Release|x86.Build.0 = Release|Win32
		{1DD64C7C-2CA2-45AA-B5C5-BA766F3A9CEB}.Debug|x64.ActiveCfg = Debug|x64
		{1DD64C7C-2CA2-45AA-B5C5-BA766F3A9CEB}.Debug|x64.Build.0 = Debug|x64
		{1DD64C7C-2CA2-45AA-B5C5-BA766F3A9CEB}.Debug|x86.ActiveCfg = Debug|Win32
		{1DD64C7C-2CA2-45AA-B5C5-BA766F3A9CEB}.Debug|x86.Build.0 = Debug|Win32
		{1DD64C7C-2CA2-45AA-B5C5-BA766F3A9CEB}.Release|x64.ActiveCfg = Release|x64
		{1DD64C7C-2CA2-45AA-B5C5-BA766F3A9CEB}.Release|x64.Build.0 = Release|x64
		{1DD64C7C-2CA2-45AA-B5C5-BA766F3A9CEB}.Release|x86.ActiveCfg = Release|Win32
		{1DD64C7C-2CA2-45AA-B5C5-BA766F3A9CEB}.Release|x86.Build.0 = Release|Win32
	EndGlobalSection
	GlobalSection(SolutionProperties) = preSolution
		HideSolutionNode = FALSE
	EndGlobalSection
	GlobalSection(ExtensibilityGlobals) = postSolution
		SolutionGuid = {E0DE6FBB-F340-4A41-982A-0459EE834098}
	EndGlobalSection
EndGlobal
